
Microsoft Visual Studio Solution File, Format Version 12.00
# Visual Studio Version 16
VisualStudioVersion = 16.0.32228.343
MinimumVisualStudioVersion = 10.0.40219.1
Project("{FAE04EC0-301F-11D3-BF4B-00C04F79EFBC}") = "Rock-Scissors-Paper", "Rock-Scissors-Paper\Rock-Scissors-Paper.csproj", "{0644F786-A837-4D31-B2C0-CD366F49A038}"
EndProject
Global
	GlobalSection(SolutionConfigurationPlatforms) = preSolution
		Debug|Any CPU = Debug|Any CPU
		Release|Any CPU = Release|Any CPU
	EndGlobalSection
	GlobalSection(ProjectConfigurationPlatforms) = postSolution
		{0644F786-A837-4D31-B2C0-CD366F49A038}.Debug|Any CPU.ActiveCfg = Debug|Any CPU
		{0644F786-A837-4D31-B2C0-CD366F49A038}.Debug|Any CPU.Build.0 = Debug|Any CPU
		{0644F786-A837-4D31-B2C0-CD366F49A038}.Release|Any CPU.ActiveCfg = Release|Any CPU
		{0644F786-A837-4D31-B2C0-CD366F49A038}.Release|Any CPU.Build.0 = Release|Any CPU
	EndGlobalSection
	GlobalSection(SolutionProperties) = preSolution
		HideSolutionNode = FALSE
	EndGlobalSection
	GlobalSection(ExtensibilityGlobals) = postSolution
		SolutionGuid = {B9C81C98-E6F0-446A-A268-54CD71C2D9BB}
	EndGlobalSection
EndGlobal
